{
  "name": "skill-exchange",
  "version": "1.0.0",
  "lockfileVersion": 3,
  "requires": true,
  "packages": {
    "": {
      "name": "skill-exchange",
      "version": "1.0.0",
      "license": "ISC",
      "dependencies": {
        "dotenv": "^18.0.4",
        "nodemailer": "^10.0.11"
      }
    },
    "node_modules/dotenv": {
      "version": "18.0.4",
      "resolved": "https://registry.npmjs.org/dotenv/-/dotenv-18.0.4.tgz",
      "integrity": "sha512-jGt9uI5BIxpVO15kvy+iEFqNAwxYClKWnkptLjSNPnFLC003Imd0ofr3aEVsbpHdSBdSsbcApNIlz4nbyGMwdA==",
      "license": "BSD-2-Clause",
      "bin": {
        "dotenv": "dist/index.cjs"
      },
      "engines": {
        "node": ">=12"
      },
      "funding": {
        "url": "https://dotenvx.com"
      }
    },
    "node_modules/nodemailer": {
      "version": "10.0.11",
      "resolved": "https://registry.npmjs.org/nodemailer/-/nodemailer-10.0.11.tgz",
      "integrity": "sha512-/c4P7U7aGpiNu2Rl08q525q2zECkUpSaf2zQPgIStCcAjHAkkQQKwD4sTyi3l91mGcLQrKzL1syXPHymo+Ogtw==",
      "license": "MIT-0",
      "engines": {
        "node": ">=20.0.0"
      }
    }
  }
}
